// !$*UTF8*$!
{
	archiveVersion = 1;
	classes = {
	};
	objectVersion = 46;
	objects = {

/* Begin PBXBuildFile section */
		E46E45E71DF10FC300DD40C8 /* main.m in Sources */ = {isa = PBXBuildFile; fileRef = E46E45E61DF10FC300DD40C8 /* main.m */; };
		E46E45EA1DF10FC300DD40C8 /* AppDelegate.m in Sources */ = {isa = PBXBuildFile; fileRef = E46E45E91DF10FC300DD40C8 /* AppDelegate.m */; };
		E46E45ED1DF10FC300DD40C8 /* ViewController.m in Sources */ = {isa = PBXBuildFile; fileRef = E46E45EC1DF10FC300DD40C8 /* ViewController.m */; };
		E46E45F01DF10FC300DD40C8 /* Main.storyboard in Resources */ = {isa = PBXBuildFile; fileRef = E46E45EE1DF10FC300DD40C8 /* Main.storyboard */; };
		E46E45F21DF10FC300DD40C8 /* Assets.xcassets in Resources */ = {isa = PBXBuildFile; fileRef = E46E45F11DF10FC300DD40C8 /* Assets.xcassets */; };
		E46E45F51DF10FC300DD40C8 /* LaunchScreen.storyboard in Resources */ = {isa = PBXBuildFile; fileRef = E46E45F31DF10FC300DD40C8 /* LaunchScreen.storyboard */; };
		E46E46001DF10FC300DD40C8 /* ____Tests.m in Sources */ = {isa = PBXBuildFile; fileRef = E46E45FF1DF10FC300DD40C8 /* ____Tests.m */; };
		E46E460B1DF10FC300DD40C8 /* ____UITests.m in Sources */ = {isa = PBXBuildFile; fileRef = E46E460A1DF10FC300DD40C8 /* ____UITests.m */; };
/* End PBXBuildFile section */

/* Begin PBXContainerItemProxy section */
		E46E45FC1DF10FC300DD40C8 /* PBXContainerItemProxy */ = {
			isa = PBXContainerItemProxy;
			containerPortal = E46E45DA1DF10FC300DD40C8 /* Project object */;
			proxyType = 1;
			remoteGlobalIDString = E46E45E11DF10FC300DD40C8;
			remoteInfo = "单例模式";
		};
		E46E46071DF10FC300DD40C8 /* PBXContainerItemProxy */ = {
			isa = PBXContainerItemProxy;
			containerPortal = E46E45DA1DF10FC300DD40C8 /* Project object */;
			proxyType = 1;
			remoteGlobalIDString = E46E45E11DF10FC300DD40C8;
			remoteInfo = "单例模式";
		};
/* End PBXContainerItemProxy section */

/* Begin PBXFileReference section */
		E46E45E21DF10FC300DD40C8 /* 单例模式.app */ = {isa = PBXFileReference; explicitFileType = wrapper.application; includeInIndex = 0; path = "单例模式.app"; sourceTree = BUILT_PRODUCTS_DIR; };
		E46E45E61DF10FC300DD40C8 /* main.m */ = {isa = PBXFileReference; lastKnownFileType = sourcecode.c.objc; path = main.m; sourceTree = "<group>"; };
		E46E45E81DF10FC300DD40C8 /* AppDelegate.h */ = {isa = PBXFileReference; lastKnownFileType = sourcecode.c.h; path = AppDelegate.h; sourceTree = "<group>"; };
		E46E45E91DF10FC300DD40C8 /* AppDelegate.m */ = {isa = PBXFileReference; lastKnownFileType = sourcecode.c.objc; path = AppDelegate.m; sourceTree = "<group>"; };
		E46E45EB1DF10FC300DD40C8 /* ViewController.h */ = {isa = PBXFileReference; lastKnownFileType = sourcecode.c.h; path = ViewController.h; sourceTree = "<group>"; };
		E46E45EC1DF10FC300DD40C8 /* ViewController.m */ = {isa = PBXFileReference; lastKnownFileType = sourcecode.c.objc; path = ViewController.m; sourceTree = "<group>"; };
		E46E45EF1DF10FC300DD40C8 /* Base */ = {isa = PBXFileReference; lastKnownFileType = file.storyboard; name = Base; path = Base.lproj/Main.storyboard; sourceTree = "<group>"; };
		E46E45F11DF10FC300DD40C8 /* Assets.xcassets */ = {isa = PBXFileReference; lastKnownFileType = folder.assetcatalog; path = Assets.xcassets; sourceTree = "<group>"; };
		E46E45F41DF10FC300DD40C8 /* Base */ = {isa = PBXFileReference; lastKnownFileType = file.storyboard; name = Base; path = Base.lproj/LaunchScreen.storyboard; sourceTree = "<group>"; };
		E46E45F61DF10FC300DD40C8 /* Info.plist */ = {isa = PBXFileReference; lastKnownFileType = text.plist.xml; path = Info.plist; sourceTree = "<group>"; };
		E46E45FB1DF10FC300DD40C8 /* 单例模式Tests.xctest */ = {isa = PBXFileReference; explicitFileType = wrapper.cfbundle; includeInIndex = 0; path = "单例模式Tests.xctest"; sourceTree = BUILT_PRODUCTS_DIR; };
		E46E45FF1DF10FC300DD40C8 /* ____Tests.m */ = {isa = PBXFileReference; lastKnownFileType = sourcecode.c.objc; path = "____Tests.m"; sourceTree = "<group>"; };
		E46E46011DF10FC300DD40C8 /* Info.plist */ = {isa = PBXFileReference; lastKnownFileType = text.plist.xml; path = Info.plist; sourceTree = "<group>"; };
		E46E46061DF10FC300DD40C8 /* 单例模式UITests.xctest */ = {isa = PBXFileReference; explicitFileType = wrapper.cfbundle; includeInIndex = 0; path = "单例模式UITests.xctest"; sourceTree = BUILT_PRODUCTS_DIR; };
		E46E460A1DF10FC300DD40C8 /* ____UITests.m */ = {isa = PBXFileReference; lastKnownFileType = sourcecode.c.objc; path = "____UITests.m"; sourceTree = "<group>"; };
		E46E460C1DF10FC300DD40C8 /* Info.plist */ = {isa = PBXFileReference; lastKnownFileType = text.plist.xml; path = Info.plist; sourceTree = "<group>"; };
/* End PBXFileReference section */

/* Begin PBXFrameworksBuildPhase section */
		E46E45DF1DF10FC300DD40C8 /* Frameworks */ = {
			isa = PBXFrameworksBuildPhase;
			buildActionMask = 2147483647;
			files = (
			);
			runOnlyForDeploymentPostprocessing = 0;
		};
		E46E45F81DF10FC300DD40C8 /* Frameworks */ = {
			isa = PBXFrameworksBuildPhase;
			buildActionMask = 2147483647;
			files = (
			);
			runOnlyForDeploymentPostprocessing = 0;
		};
		E46E46031DF10FC300DD40C8 /* Frameworks */ = {
			isa = PBXFrameworksBuildPhase;
			buildActionMask = 2147483647;
			files = (
			);
			runOnlyForDeploymentPostprocessing = 0;
		};
/* End PBXFrameworksBuildPhase section */

/* Begin PBXGroup section */
		E46E45D91DF10FC300DD40C8 = {
			isa = PBXGroup;
			children = (
				E46E45E41DF10FC300DD40C8 /* 单例模式 */,
				E46E45FE1DF10FC300DD40C8 /* 单例模式Tests */,
				E46E46091DF10FC300DD40C8 /* 单例模式UITests */,
				E46E45E31DF10FC300DD40C8 /* Products */,
			);
			sourceTree = "<group>";
		};
		E46E45E31DF10FC300DD40C8 /* Products */ = {
			isa = PBXGroup;
			children = (
				E46E45E21DF10FC300DD40C8 /* 单例模式.app */,
				E46E45FB1DF10FC300DD40C8 /* 单例模式Tests.xctest */,
				E46E46061DF10FC300DD40C8 /* 单例模式UITests.xctest */,
			);
			name = Products;
			sourceTree = "<group>";
		};
		E46E45E41DF10FC300DD40C8 /* 单例模式 */ = {
			isa = PBXGroup;
			children = (
				E46E45E81DF10FC300DD40C8 /* AppDelegate.h */,
				E46E45E91DF10FC300DD40C8 /* AppDelegate.m */,
				E46E45EB1DF10FC300DD40C8 /* ViewController.h */,
				E46E45EC1DF10FC300DD40C8 /* ViewController.m */,
				E46E45EE1DF10FC300DD40C8 /* Main.storyboard */,
				E46E45F11DF10FC300DD40C8 /* Assets.xcassets */,
				E46E45F31DF10FC300DD40C8 /* LaunchScreen.storyboard */,
				E46E45F61DF10FC300DD40C8 /* Info.plist */,
				E46E45E51DF10FC300DD40C8 /* Supporting Files */,
			);
			path = "单例模式";
			sourceTree = "<group>";
		};
		E46E45E51DF10FC300DD40C8 /* Supporting Files */ = {
			isa = PBXGroup;
			children = (
				E46E45E61DF10FC300DD40C8 /* main.m */,
			);
			name = "Supporting Files";
			sourceTree = "<group>";
		};
		E46E45FE1DF10FC300DD40C8 /* 单例模式Tests */ = {
			isa = PBXGroup;
			children = (
				E46E45FF1DF10FC300DD40C8 /* ____Tests.m */,
				E46E46011DF10FC300DD40C8 /* Info.plist */,
			);
			path = "单例模式Tests";
			sourceTree = "<group>";
		};
		E46E46091DF10FC300DD40C8 /* 单例模式UITests */ = {
			isa = PBXGroup;
			children = (
				E46E460A1DF10FC300DD40C8 /* ____UITests.m */,
				E46E460C1DF10FC300DD40C8 /* Info.plist */,
			);
			path = "单例模式UITests";
			sourceTree = "<group>";
		};
/* End PBXGroup section */

/* Begin PBXNativeTarget section */
		E46E45E11DF10FC300DD40C8 /* 单例模式 */ = {
			isa = PBXNativeTarget;
			buildConfigurationList = E46E460F1DF10FC300DD40C8 /* Build configuration list for PBXNativeTarget "单例模式" */;
			buildPhases = (
				E46E45DE1DF10FC300DD40C8 /* Sources */,
				E46E45DF1DF10FC300DD40C8 /* Frameworks */,
				E46E45E01DF10FC300DD40C8 /* Resources */,
			);
			buildRules = (
			);
			dependencies = (
			);
			name = "单例模式";
			productName = "单例模式";
			productReference = E46E45E21DF10FC300DD40C8 /* 单例模式.app */;
			productType = "com.apple.product-type.application";
		};
		E46E45FA1DF10FC300DD40C8 /* 单例模式Tests */ = {
			isa = PBXNativeTarget;
			buildConfigurationList = E46E46121DF10FC300DD40C8 /* Build configuration list for PBXNativeTarget "单例模式Tests" */;
			buildPhases = (
				E46E45F71DF10FC300DD40C8 /* Sources */,
				E46E45F81DF10FC300DD40C8 /* Frameworks */,
				E46E45F91DF10FC300DD40C8 /* Resources */,
			);
			buildRules = (
			);
			dependencies = (
				E46E45FD1DF10FC300DD40C8 /* PBXTargetDependency */,
			);
			name = "单例模式Tests";
			productName = "单例模式Tests";
			productReference = E46E45FB1DF10FC300DD40C8 /* 单例模式Tests.xctest */;
			productType = "com.apple.product-type.bundle.unit-test";
		};
		E46E46051DF10FC300DD40C8 /* 单例模式UITests */ = {
			isa = PBXNativeTarget;
			buildConfigurationList = E46E46151DF10FC300DD40C8 /* Build configuration list for PBXNativeTarget "单例模式UITests" */;
			buildPhases = (
				E46E46021DF10FC300DD40C8 /* Sources */,
				E46E46031DF10FC300DD40C8 /* Frameworks */,
				E46E46041DF10FC300DD40C8 /* Resources */,
			);
			buildRules = (
			);
			dependencies = (
				E46E46081DF10FC300DD40C8 /* PBXTargetDependency */,
			);
			name = "单例模式UITests";
			productName = "单例模式UITests";
			productReference = E46E46061DF10FC300DD40C8 /* 单例模式UITests.xctest */;
			productType = "com.apple.product-type.bundle.ui-testing";
		};
/* End PBXNativeTarget section */

/* Begin PBXProject section */
		E46E45DA1DF10FC300DD40C8 /* Project object */ = {
			isa = PBXProject;
			attributes = {
				LastUpgradeCheck = 0820;
				ORGANIZATIONNAME = SXF;
				TargetAttributes = {
					E46E45E11DF10FC300DD40C8 = {
						CreatedOnToolsVersion = 8.2;
						DevelopmentTeam = X76LH572J4;
						ProvisioningStyle = Automatic;
					};
					E46E45FA1DF10FC300DD40C8 = {
						CreatedOnToolsVersion = 8.2;
						DevelopmentTeam = X76LH572J4;
						ProvisioningStyle = Automatic;
						TestTargetID = E46E45E11DF10FC300DD40C8;
					};
					E46E46051DF10FC300DD40C8 = {
						CreatedOnToolsVersion = 8.2;
						DevelopmentTeam = X76LH572J4;
						ProvisioningStyle = Automatic;
						TestTargetID = E46E45E11DF10FC300DD40C8;
					};
				};
			};
			buildConfigurationList = E46E45DD1DF10FC300DD40C8 /* Build configuration list for PBXProject "单例模式" */;
			compatibilityVersion = "Xcode 3.2";
			developmentRegion = English;
			hasScannedForEncodings = 0;
			knownRegions = (
				en,
				Base,
			);
			mainGroup = E46E45D91DF10FC300DD40C8;
			productRefGroup = E46E45E31DF10FC300DD40C8 /* Products */;
			projectDirPath = "";
			projectRoot = "";
			targets = (
				E46E45E11DF10FC300DD40C8 /* 单例模式 */,
				E46E45FA1DF10FC300DD40C8 /* 单例模式Tests */,
				E46E46051DF10FC300DD40C8 /* 单例模式UITests */,
			);
		};
/* End PBXProject section */

/* Begin PBXResourcesBuildPhase section */
		E46E45E01DF10FC300DD40C8 /* Resources */ = {
			isa = PBXResourcesBuildPhase;
			buildActionMask = 2147483647;
			files = (
				E46E45F51DF10FC300DD40C8 /* LaunchScreen.storyboard in Resources */,
				E46E45F21DF10FC300DD40C8 /* Assets.xcassets in Resources */,
				E46E45F01DF10FC300DD40C8 /* Main.storyboard in Resources */,
			);
			runOnlyForDeploymentPostprocessing = 0;
		};
		E46E45F91DF10FC300DD40C8 /* Resources */ = {
			isa = PBXResourcesBuildPhase;
			buildActionMask = 2147483647;
			files = (
			);
			runOnlyForDeploymentPostprocessing = 0;
		};
		E46E46041DF10FC300DD40C8 /* Resources */ = {
			isa = PBXResourcesBuildPhase;
			buildActionMask = 2147483647;
			files = (
			);
			runOnlyForDeploymentPostprocessing = 0;
		};
/* End PBXResourcesBuildPhase section */

/* Begin PBXSourcesBuildPhase section */
		E46E45DE1DF10FC300DD40C8 /* Sources */ = {
			isa = PBXSourcesBuildPhase;
			buildActionMask = 2147483647;
			files = (
				E46E45ED1DF10FC300DD40C8 /* ViewController.m in Sources */,
				E46E45EA1DF10FC300DD40C8 /* AppDelegate.m in Sources */,
				E46E45E71DF10FC300DD40C8 /* main.m in Sources */,
			);
			runOnlyForDeploymentPostprocessing = 0;
		};
		E46E45F71DF10FC300DD40C8 /* Sources */ = {
			isa = PBXSourcesBuildPhase;
			buildActionMask = 2147483647;
			files = (
				E46E46001DF10FC300DD40C8 /* ____Tests.m in Sources */,
			);
			runOnlyForDeploymentPostprocessing = 0;
		};
		E46E46021DF10FC300DD40C8 /* Sources */ = {
			isa = PBXSourcesBuildPhase;
			buildActionMask = 2147483647;
			files = (
				E46E460B1DF10FC300DD40C8 /* ____UITests.m in Sources */,
			);
			runOnlyForDeploymentPostprocessing = 0;
		};
/* End PBXSourcesBuildPhase section */

/* Begin PBXTargetDependency section */
		E46E45FD1DF10FC300DD40C8 /* PBXTargetDependency */ = {
			isa = PBXTargetDependency;
			target = E46E45E11DF10FC300DD40C8 /* 单例模式 */;
			targetProxy = E46E45FC1DF10FC300DD40C8 /* PBXContainerItemProxy */;
		};
		E46E46081DF10FC300DD40C8 /* PBXTargetDependency */ = {
			isa = PBXTargetDependency;
			target = E46E45E11DF10FC300DD40C8 /* 单例模式 */;
			targetProxy = E46E46071DF10FC300DD40C8 /* PBXContainerItemProxy */;
		};
/* End PBXTargetDependency section */

/* Begin PBXVariantGroup section */
		E46E45EE1DF10FC300DD40C8 /* Main.storyboard */ = {
			isa = PBXVariantGroup;
			children = (
				E46E45EF1DF10FC300DD40C8 /* Base */,
			);
			name = Main.storyboard;
			sourceTree = "<group>";
		};
		E46E45F31DF10FC300DD40C8 /* LaunchScreen.storyboard */ = {
			isa = PBXVariantGroup;
			children = (
				E46E45F41DF10FC300DD40C8 /* Base */,
			);
			name = LaunchScreen.storyboard;
			sourceTree = "<group>";
		};
/* End PBXVariantGroup section */

/* Begin XCBuildConfiguration section */
		E46E460D1DF10FC300DD40C8 /* Debug */ = {
			isa = XCBuildConfiguration;
			buildSettings = {
				ALWAYS_SEARCH_USER_PATHS = NO;
				CLANG_ANALYZER_NONNULL = YES;
				CLANG_CXX_LANGUAGE_STANDARD = "gnu++0x";
				CLANG_CXX_LIBRARY = "libc++";
				CLANG_ENABLE_MODULES = YES;
				CLANG_ENABLE_OBJC_ARC = YES;
				CLANG_WARN_BOOL_CONVERSION = YES;
				CLANG_WARN_CONSTANT_CONVERSION = YES;
				CLANG_WARN_DIRECT_OBJC_ISA_USAGE = YES_ERROR;
				CLANG_WARN_DOCUMENTATION_COMMENTS = YES;
				CLANG_WARN_EMPTY_BODY = YES;
				CLANG_WARN_ENUM_CONVERSION = YES;
				CLANG_WARN_INFINITE_RECURSION = YES;
				CLANG_WARN_INT_CONVERSION = YES;
				CLANG_WARN_OBJC_ROOT_CLASS = YES_ERROR;
				CLANG_WARN_SUSPICIOUS_MOVE = YES;
				CLANG_WARN_UNREACHABLE_CODE = YES;
				CLANG_WARN__DUPLICATE_METHOD_MATCH = YES;
				"CODE_SIGN_IDENTITY[sdk=iphoneos*]" = "iPhone Developer";
				COPY_PHASE_STRIP = NO;
				DEBUG_INFORMATION_FORMAT = dwarf;
				ENABLE_STRICT_OBJC_MSGSEND = YES;
				ENABLE_TESTABILITY = YES;
				GCC_C_LANGUAGE_STANDARD = gnu99;
				GCC_DYNAMIC_NO_PIC = NO;
				GCC_NO_COMMON_BLOCKS = YES;
				GCC_OPTIMIZATION_LEVEL = 0;
				GCC_PREPROCESSOR_DEFINITIONS = (
					"DEBUG=1",
					"$(inherited)",
				);
				GCC_WARN_64_TO_32_BIT_CONVERSION = YES;
				GCC_WARN_ABOUT_RETURN_TYPE = YES_ERROR;
				GCC_WARN_UNDECLARED_SELECTOR = YES;
				GCC_WARN_UNINITIALIZED_AUTOS = YES_AGGRESSIVE;
				GCC_WARN_UNUSED_FUNCTION = YES;
				GCC_WARN_UNUSED_VARIABLE = YES;
				IPHONEOS_DEPLOYMENT_TARGET = 10.2;
				MTL_ENABLE_DEBUG_INFO = YES;
				ONLY_ACTIVE_ARCH = YES;
				SDKROOT = iphoneos;
				TARGETED_DEVICE_FAMILY = "1,2";
			};
			name = Debug;
		};
		E46E460E1DF10FC300DD40C8 /* Release */ = {
			isa = XCBuildConfiguration;
			buildSettings = {
				ALWAYS_SEARCH_USER_PATHS = NO;
				CLANG_ANALYZER_NONNULL = YES;
				CLANG_CXX_LANGUAGE_STANDARD = "gnu++0x";
				CLANG_CXX_LIBRARY = "libc++";
				CLANG_ENABLE_MODULES = YES;
				CLANG_ENABLE_OBJC_ARC = YES;
				CLANG_WARN_BOOL_CONVERSION = YES;
				CLANG_WARN_CONSTANT_CONVERSION = YES;
				CLANG_WARN_DIRECT_OBJC_ISA_USAGE = YES_ERROR;
				CLANG_WARN_DOCUMENTATION_COMMENTS = YES;
				CLANG_WARN_EMPTY_BODY = YES;
				CLANG_WARN_ENUM_CONVERSION = YES;
				CLANG_WARN_INFINITE_RECURSION = YES;
				CLANG_WARN_INT_CONVERSION = YES;
				CLANG_WARN_OBJC_ROOT_CLASS = YES_ERROR;
				CLANG_WARN_SUSPICIOUS_MOVE = YES;
				CLANG_WARN_UNREACHABLE_CODE = YES;
				CLANG_WARN__DUPLICATE_METHOD_MATCH = YES;
				"CODE_SIGN_IDENTITY[sdk=iphoneos*]" = "iPhone Developer";
				COPY_PHASE_STRIP = NO;
				DEBUG_INFORMATION_FORMAT = "dwarf-with-dsym";
				ENABLE_NS_ASSERTIONS = NO;
				ENABLE_STRICT_OBJC_MSGSEND = YES;
				GCC_C_LANGUAGE_STANDARD = gnu99;
				GCC_NO_COMMON_BLOCKS = YES;
				GCC_WARN_64_TO_32_BIT_CONVERSION = YES;
				GCC_WARN_ABOUT_RETURN_TYPE = YES_ERROR;
				GCC_WARN_UNDECLARED_SELECTOR = YES;
				GCC_WARN_UNINITIALIZED_AUTOS = YES_AGGRESSIVE;
				GCC_WARN_UNUSED_FUNCTION = YES;
				GCC_WARN_UNUSED_VARIABLE = YES;
				IPHONEOS_DEPLOYMENT_TARGET = 10.2;
				MTL_ENABLE_DEBUG_INFO = NO;
				SDKROOT = iphoneos;
				TARGETED_DEVICE_FAMILY = "1,2";
				VALIDATE_PRODUCT = YES;
			};
			name = Release;
		};
		E46E46101DF10FC300DD40C8 /* Debug */ = {
			isa = XCBuildConfiguration;
			buildSettings = {
				ASSETCATALOG_COMPILER_APPICON_NAME = AppIcon;
				DEVELOPMENT_TEAM = X76LH572J4;
				INFOPLIST_FILE = "单例模式/Info.plist";
				LD_RUNPATH_SEARCH_PATHS = "$(inherited) @executable_path/Frameworks";
				PRODUCT_BUNDLE_IDENTIFIER = "bdxh.wsx.----";
				PRODUCT_NAME = "$(TARGET_NAME)";
			};
			name = Debug;
		};
		E46E46111DF10FC300DD40C8 /* Release */ = {
			isa = XCBuildConfiguration;
			buildSettings = {
				ASSETCATALOG_COMPILER_APPICON_NAME = AppIcon;
				DEVELOPMENT_TEAM = X76LH572J4;
				INFOPLIST_FILE = "单例模式/Info.plist";
				LD_RUNPATH_SEARCH_PATHS = "$(inherited) @executable_path/Frameworks";
				PRODUCT_BUNDLE_IDENTIFIER = "bdxh.wsx.----";
				PRODUCT_NAME = "$(TARGET_NAME)";
			};
			name = Release;
		};
		E46E46131DF10FC300DD40C8 /* Debug */ = {
			isa = XCBuildConfiguration;
			buildSettings = {
				BUNDLE_LOADER = "$(TEST_HOST)";
				DEVELOPMENT_TEAM = X76LH572J4;
				INFOPLIST_FILE = "单例模式Tests/Info.plist";
				LD_RUNPATH_SEARCH_PATHS = "$(inherited) @executable_path/Frameworks @loader_path/Frameworks";
				PRODUCT_BUNDLE_IDENTIFIER = "bdxh.wsx.----Tests";
				PRODUCT_NAME = "$(TARGET_NAME)";
				TEST_HOST = "$(BUILT_PRODUCTS_DIR)/单例模式.app/单例模式";
			};
			name = Debug;
		};
		E46E46141DF10FC300DD40C8 /* Release */ = {
			isa = XCBuildConfiguration;
			buildSettings = {
				BUNDLE_LOADER = "$(TEST_HOST)";
				DEVELOPMENT_TEAM = X76LH572J4;
				INFOPLIST_FILE = "单例模式Tests/Info.plist";
				LD_RUNPATH_SEARCH_PATHS = "$(inherited) @executable_path/Frameworks @loader_path/Frameworks";
				PRODUCT_BUNDLE_IDENTIFIER = "bdxh.wsx.----Tests";
				PRODUCT_NAME = "$(TARGET_NAME)";
				TEST_HOST = "$(BUILT_PRODUCTS_DIR)/单例模式.app/单例模式";
			};
			name = Release;
		};
		E46E46161DF10FC300DD40C8 /* Debug */ = {
			isa = XCBuildConfiguration;
			buildSettings = {
				DEVELOPMENT_TEAM = X76LH572J4;
				INFOPLIST_FILE = "单例模式UITests/Info.plist";
				LD_RUNPATH_SEARCH_PATHS = "$(inherited) @executable_path/Frameworks @loader_path/Frameworks";
				PRODUCT_BUNDLE_IDENTIFIER = "bdxh.wsx.----UITests";
				PRODUCT_NAME = "$(TARGET_NAME)";
				TEST_TARGET_NAME = "单例模式";
			};
			name = Debug;
		};
		E46E46171DF10FC300DD40C8 /* Release */ = {
			isa = XCBuildConfiguration;
			buildSettings = {
				DEVELOPMENT_TEAM = X76LH572J4;
				INFOPLIST_FILE = "单例模式UITests/Info.plist";
				LD_RUNPATH_SEARCH_PATHS = "$(inherited) @executable_path/Frameworks @loader_path/Frameworks";
				PRODUCT_BUNDLE_IDENTIFIER = "bdxh.wsx.----UITests";
				PRODUCT_NAME = "$(TARGET_NAME)";
				TEST_TARGET_NAME = "单例模式";
			};
			name = Release;
		};
/* End XCBuildConfiguration section */

/* Begin XCConfigurationList section */
		E46E45DD1DF10FC300DD40C8 /* Build configuration list for PBXProject "单例模式" */ = {
			isa = XCConfigurationList;
			buildConfigurations = (
				E46E460D1DF10FC300DD40C8 /* Debug */,
				E46E460E1DF10FC300DD40C8 /* Release */,
			);
			defaultConfigurationIsVisible = 0;
			defaultConfigurationName = Release;
		};
		E46E460F1DF10FC300DD40C8 /* Build configuration list for PBXNativeTarget "单例模式" */ = {
			isa = XCConfigurationList;
			buildConfigurations = (
				E46E46101DF10FC300DD40C8 /* Debug */,
				E46E46111DF10FC300DD40C8 /* Release */,
			);
			defaultConfigurationIsVisible = 0;
		};
		E46E46121DF10FC300DD40C8 /* Build configuration list for PBXNativeTarget "单例模式Tests" */ = {
			isa = XCConfigurationList;
			buildConfigurations = (
				E46E46131DF10FC300DD40C8 /* Debug */,
				E46E46141DF10FC300DD40C8 /* Release */,
			);
			defaultConfigurationIsVisible = 0;
		};
		E46E46151DF10FC300DD40C8 /* Build configuration list for PBXNativeTarget "单例模式UITests" */ = {
			isa = XCConfigurationList;
			buildConfigurations = (
				E46E46161DF10FC300DD40C8 /* Debug */,
				E46E46171DF10FC300DD40C8 /* Release */,
			);
			defaultConfigurationIsVisible = 0;
		};
/* End XCConfigurationList section */
	};
	rootObject = E46E45DA1DF10FC300DD40C8 /* Project object */;
}
